
Microsoft Visual Studio Solution File, Format Version 12.00
# Visual Studio Version 17
VisualStudioVersion = 17.10.34902.84
MinimumVisualStudioVersion = 10.0.40219.1
Project("{9A19103F-16F7-4668-BE54-9A1E7A4F7556}") = "tms.Server", "tms.Server.csproj", "{1B82D51D-14FE-4AED-8EBA-DA5DCD60BC1C}"
EndProject
Project("{54A90642-561A-4BB1-A94E-469ADEE60C69}") = "tms.client", "..\tms.Client\tms.client.esproj", "{7541A237-69AF-4917-9857-1FE67409A189}"
EndProject
Global
	GlobalSection(SolutionConfigurationPlatforms) = preSolution
		Debug|Any CPU = Debug|Any CPU
		Release|Any CPU = Release|Any CPU
	EndGlobalSection
	GlobalSection(ProjectConfigurationPlatforms) = postSolution
		{1B82D51D-14FE-4AED-8EBA-DA5DCD60BC1C}.Debug|Any CPU.ActiveCfg = Debug|Any CPU
		{1B82D51D-14FE-4AED-8EBA-DA5DCD60BC1C}.Debug|Any CPU.Build.0 = Debug|Any CPU
		{1B82D51D-14FE-4AED-8EBA-DA5DCD60BC1C}.Release|Any CPU.ActiveCfg = Release|Any CPU
		{1B82D51D-14FE-4AED-8EBA-DA5DCD60BC1C}.Release|Any CPU.Build.0 = Release|Any CPU
		{7541A237-69AF-4917-9857-1FE67409A189}.Debug|Any CPU.ActiveCfg = Debug|Any CPU
		{7541A237-69AF-4917-9857-1FE67409A189}.Debug|Any CPU.Build.0 = Debug|Any CPU
		{7541A237-69AF-4917-9857-1FE67409A189}.Debug|Any CPU.Deploy.0 = Debug|Any CPU
		{7541A237-69AF-4917-9857-1FE67409A189}.Release|Any CPU.ActiveCfg = Release|Any CPU
		{7541A237-69AF-4917-9857-1FE67409A189}.Release|Any CPU.Build.0 = Release|Any CPU
		{7541A237-69AF-4917-9857-1FE67409A189}.Release|Any CPU.Deploy.0 = Release|Any CPU
	EndGlobalSection
	GlobalSection(SolutionProperties) = preSolution
		HideSolutionNode = FALSE
	EndGlobalSection
	GlobalSection(ExtensibilityGlobals) = postSolution
		SolutionGuid = {140333BF-D6AA-4BE4-A817-BF55A6EE6AC6}
	EndGlobalSection
EndGlobal
